
Microsoft Visual Studio Solution File, Format Version 12.00
# Visual Studio Version 17
VisualStudioVersion = 17.6.33829.357
MinimumVisualStudioVersion = 10.0.40219.1
Project("{FAE04EC0-301F-11D3-BF4B-00C04F79EFBC}") = "FileManagementProject", "FileManagementProject\FileManagementProject.csproj", "{BF0AE7F4-E459-4B53-8347-7C5933712AA5}"
EndProject
Global
	GlobalSection(SolutionConfigurationPlatforms) = preSolution
		Debug|Any CPU = Debug|Any CPU
		Release|Any CPU = Release|Any CPU
	EndGlobalSection
	GlobalSection(ProjectConfigurationPlatforms) = postSolution
		{BF0AE7F4-E459-4B53-8347-7C5933712AA5}.Debug|Any CPU.ActiveCfg = Debug|Any CPU
		{BF0AE7F4-E459-4B53-8347-7C5933712AA5}.Debug|Any CPU.Build.0 = Debug|Any CPU
		{BF0AE7F4-E459-4B53-8347-7C5933712AA5}.Release|Any CPU.ActiveCfg = Release|Any CPU
		{BF0AE7F4-E459-4B53-8347-7C5933712AA5}.Release|Any CPU.Build.0 = Release|Any CPU
	EndGlobalSection
	GlobalSection(SolutionProperties) = preSolution
		HideSolutionNode = FALSE
	EndGlobalSection
	GlobalSection(ExtensibilityGlobals) = postSolution
		SolutionGuid = {91EE4875-CD98-4EE1-94BC-82BA69EE7D71}
	EndGlobalSection
EndGlobal
